// !$*UTF8*$!
{
	archiveVersion = 1;
	classes = {
	};
	objectVersion = 56;
	objects = {

/* Begin PBXBuildFile section */
		E97DE5412B5558F0003EC6EC /* NetworkManager.swift in Sources */ = {isa = PBXBuildFile; fileRef = E97DE5402B5558F0003EC6EC /* NetworkManager.swift */; };
		E97DE5462B557D1E003EC6EC /* Links.swift in Sources */ = {isa = PBXBuildFile; fileRef = E97DE5452B557D1E003EC6EC /* Links.swift */; };
		E97DE5482B557D2B003EC6EC /* JSon.swift in Sources */ = {isa = PBXBuildFile; fileRef = E97DE5472B557D2B003EC6EC /* JSon.swift */; };
		E9958D032B35E0A3001B4290 /* AppDelegate.swift in Sources */ = {isa = PBXBuildFile; fileRef = E9958D022B35E0A3001B4290 /* AppDelegate.swift */; };
		E9958D052B35E0A3001B4290 /* SceneDelegate.swift in Sources */ = {isa = PBXBuildFile; fileRef = E9958D042B35E0A3001B4290 /* SceneDelegate.swift */; };
		E9958D072B35E0A3001B4290 /* RandomImageVC.swift in Sources */ = {isa = PBXBuildFile; fileRef = E9958D062B35E0A3001B4290 /* RandomImageVC.swift */; };
		E9958D0D2B35E0A3001B4290 /* URLNewStudy.xcdatamodeld in Sources */ = {isa = PBXBuildFile; fileRef = E9958D0B2B35E0A3001B4290 /* URLNewStudy.xcdatamodeld */; };
		E9958D0F2B35E0A4001B4290 /* Assets.xcassets in Resources */ = {isa = PBXBuildFile; fileRef = E9958D0E2B35E0A4001B4290 /* Assets.xcassets */; };
		E9958D122B35E0A4001B4290 /* LaunchScreen.storyboard in Resources */ = {isa = PBXBuildFile; fileRef = E9958D102B35E0A4001B4290 /* LaunchScreen.storyboard */; };
		E996B13E2B4B22260025ECD6 /* CustomTextField.swift in Sources */ = {isa = PBXBuildFile; fileRef = E996B13D2B4B22260025ECD6 /* CustomTextField.swift */; };
		E996DD3E2B4ABE7C003700A4 /* RegisterAssembly.swift in Sources */ = {isa = PBXBuildFile; fileRef = E996DD3D2B4ABE7C003700A4 /* RegisterAssembly.swift */; };
		E996DD402B4ABE88003700A4 /* RegisterViewController.swift in Sources */ = {isa = PBXBuildFile; fileRef = E996DD3F2B4ABE88003700A4 /* RegisterViewController.swift */; };
		E996DD422B4ABE91003700A4 /* RegisterPresenter.swift in Sources */ = {isa = PBXBuildFile; fileRef = E996DD412B4ABE91003700A4 /* RegisterPresenter.swift */; };
		E996DD442B4ABE9B003700A4 /* RegisterRouter.swift in Sources */ = {isa = PBXBuildFile; fileRef = E996DD432B4ABE9B003700A4 /* RegisterRouter.swift */; };
		E9972C392B59453F00413AB2 /* RandomImageWorker.swift in Sources */ = {isa = PBXBuildFile; fileRef = E9972C382B59453F00413AB2 /* RandomImageWorker.swift */; };
		E9A150462B38471600AB2799 /* LoginViewController.swift in Sources */ = {isa = PBXBuildFile; fileRef = E9A150452B38471600AB2799 /* LoginViewController.swift */; };
		E9A591942B4ED8AB00A498D3 /* LoginWorker.swift in Sources */ = {isa = PBXBuildFile; fileRef = E9A591932B4ED8AB00A498D3 /* LoginWorker.swift */; };
		E9A7996B2B519FB1005220F2 /* KeychainManager.swift in Sources */ = {isa = PBXBuildFile; fileRef = E9A7996A2B519FB1005220F2 /* KeychainManager.swift */; };
		E9AB5FED2B49647E00297486 /* UserModel.swift in Sources */ = {isa = PBXBuildFile; fileRef = E9AB5FEC2B49647E00297486 /* UserModel.swift */; };
		E9AB5FF22B4967C400297486 /* LoginPresenter.swift in Sources */ = {isa = PBXBuildFile; fileRef = E9AB5FF12B4967C400297486 /* LoginPresenter.swift */; };
		E9AB5FF42B496A6F00297486 /* LoginAssembly.swift in Sources */ = {isa = PBXBuildFile; fileRef = E9AB5FF32B496A6F00297486 /* LoginAssembly.swift */; };
		E9AB5FF72B496AA500297486 /* MVXProtocol.swift in Sources */ = {isa = PBXBuildFile; fileRef = E9AB5FF62B496AA500297486 /* MVXProtocol.swift */; };
		E9AB5FF92B496C2F00297486 /* LoginRouter.swift in Sources */ = {isa = PBXBuildFile; fileRef = E9AB5FF82B496C2F00297486 /* LoginRouter.swift */; };
		E9AB5FFB2B4991B700297486 /* RandomImageAssembly.swift in Sources */ = {isa = PBXBuildFile; fileRef = E9AB5FFA2B4991B700297486 /* RandomImageAssembly.swift */; };
		E9AB5FFD2B4991CA00297486 /* RandomImagePresenter.swift in Sources */ = {isa = PBXBuildFile; fileRef = E9AB5FFC2B4991CA00297486 /* RandomImagePresenter.swift */; };
		E9AB5FFF2B4991D300297486 /* RandomImageRouter.swift in Sources */ = {isa = PBXBuildFile; fileRef = E9AB5FFE2B4991D300297486 /* RandomImageRouter.swift */; };
/* End PBXBuildFile section */

/* Begin PBXFileReference section */
		E97DE5402B5558F0003EC6EC /* NetworkManager.swift */ = {isa = PBXFileReference; lastKnownFileType = sourcecode.swift; path = NetworkManager.swift; sourceTree = "<group>"; };
		E97DE5452B557D1E003EC6EC /* Links.swift */ = {isa = PBXFileReference; lastKnownFileType = sourcecode.swift; path = Links.swift; sourceTree = "<group>"; };
		E97DE5472B557D2B003EC6EC /* JSon.swift */ = {isa = PBXFileReference; lastKnownFileType = sourcecode.swift; path = JSon.swift; sourceTree = "<group>"; };
		E9958CFF2B35E0A3001B4290 /* URLNewStudy.app */ = {isa = PBXFileReference; explicitFileType = wrapper.application; includeInIndex = 0; path = URLNewStudy.app; sourceTree = BUILT_PRODUCTS_DIR; };
		E9958D022B35E0A3001B4290 /* AppDelegate.swift */ = {isa = PBXFileReference; lastKnownFileType = sourcecode.swift; path = AppDelegate.swift; sourceTree = "<group>"; };
		E9958D042B35E0A3001B4290 /* SceneDelegate.swift */ = {isa = PBXFileReference; lastKnownFileType = sourcecode.swift; path = SceneDelegate.swift; sourceTree = "<group>"; };
		E9958D062B35E0A3001B4290 /* RandomImageVC.swift */ = {isa = PBXFileReference; lastKnownFileType = sourcecode.swift; path = RandomImageVC.swift; sourceTree = "<group>"; };
		E9958D0C2B35E0A3001B4290 /* URLNewStudy.xcdatamodel */ = {isa = PBXFileReference; lastKnownFileType = wrapper.xcdatamodel; path = URLNewStudy.xcdatamodel; sourceTree = "<group>"; };
		E9958D0E2B35E0A4001B4290 /* Assets.xcassets */ = {isa = PBXFileReference; lastKnownFileType = folder.assetcatalog; path = Assets.xcassets; sourceTree = "<group>"; };
		E9958D112B35E0A4001B4290 /* Base */ = {isa = PBXFileReference; lastKnownFileType = file.storyboard; name = Base; path = Base.lproj/LaunchScreen.storyboard; sourceTree = "<group>"; };
		E9958D132B35E0A4001B4290 /* Info.plist */ = {isa = PBXFileReference; lastKnownFileType = text.plist.xml; path = Info.plist; sourceTree = "<group>"; };
		E996B13D2B4B22260025ECD6 /* CustomTextField.swift */ = {isa = PBXFileReference; lastKnownFileType = sourcecode.swift; path = CustomTextField.swift; sourceTree = "<group>"; };
		E996DD3D2B4ABE7C003700A4 /* RegisterAssembly.swift */ = {isa = PBXFileReference; lastKnownFileType = sourcecode.swift; path = RegisterAssembly.swift; sourceTree = "<group>"; };
		E996DD3F2B4ABE88003700A4 /* RegisterViewController.swift */ = {isa = PBXFileReference; lastKnownFileType = sourcecode.swift; path = RegisterViewController.swift; sourceTree = "<group>"; };
		E996DD412B4ABE91003700A4 /* RegisterPresenter.swift */ = {isa = PBXFileReference; lastKnownFileType = sourcecode.swift; path = RegisterPresenter.swift; sourceTree = "<group>"; };
		E996DD432B4ABE9B003700A4 /* RegisterRouter.swift */ = {isa = PBXFileReference; lastKnownFileType = sourcecode.swift; path = RegisterRouter.swift; sourceTree = "<group>"; };
		E9972C382B59453F00413AB2 /* RandomImageWorker.swift */ = {isa = PBXFileReference; lastKnownFileType = sourcecode.swift; path = RandomImageWorker.swift; sourceTree = "<group>"; };
		E9A150452B38471600AB2799 /* LoginViewController.swift */ = {isa = PBXFileReference; lastKnownFileType = sourcecode.swift; path = LoginViewController.swift; sourceTree = "<group>"; };
		E9A591932B4ED8AB00A498D3 /* LoginWorker.swift */ = {isa = PBXFileReference; lastKnownFileType = sourcecode.swift; path = LoginWorker.swift; sourceTree = "<group>"; };
		E9A7996A2B519FB1005220F2 /* KeychainManager.swift */ = {isa = PBXFileReference; lastKnownFileType = sourcecode.swift; path = KeychainManager.swift; sourceTree = "<group>"; };
		E9AB5FEC2B49647E00297486 /* UserModel.swift */ = {isa = PBXFileReference; lastKnownFileType = sourcecode.swift; path = UserModel.swift; sourceTree = "<group>"; };
		E9AB5FF12B4967C400297486 /* LoginPresenter.swift */ = {isa = PBXFileReference; lastKnownFileType = sourcecode.swift; path = LoginPresenter.swift; sourceTree = "<group>"; };
		E9AB5FF32B496A6F00297486 /* LoginAssembly.swift */ = {isa = PBXFileReference; lastKnownFileType = sourcecode.swift; path = LoginAssembly.swift; sourceTree = "<group>"; };
		E9AB5FF62B496AA500297486 /* MVXProtocol.swift */ = {isa = PBXFileReference; lastKnownFileType = sourcecode.swift; path = MVXProtocol.swift; sourceTree = "<group>"; };
		E9AB5FF82B496C2F00297486 /* LoginRouter.swift */ = {isa = PBXFileReference; lastKnownFileType = sourcecode.swift; path = LoginRouter.swift; sourceTree = "<group>"; };
		E9AB5FFA2B4991B700297486 /* RandomImageAssembly.swift */ = {isa = PBXFileReference; lastKnownFileType = sourcecode.swift; path = RandomImageAssembly.swift; sourceTree = "<group>"; };
		E9AB5FFC2B4991CA00297486 /* RandomImagePresenter.swift */ = {isa = PBXFileReference; lastKnownFileType = sourcecode.swift; path = RandomImagePresenter.swift; sourceTree = "<group>"; };
		E9AB5FFE2B4991D300297486 /* RandomImageRouter.swift */ = {isa = PBXFileReference; lastKnownFileType = sourcecode.swift; path = RandomImageRouter.swift; sourceTree = "<group>"; };
/* End PBXFileReference section */

/* Begin PBXFrameworksBuildPhase section */
		E9958CFC2B35E0A3001B4290 /* Frameworks */ = {
			isa = PBXFrameworksBuildPhase;
			buildActionMask = 2147483647;
			files = (
			);
			runOnlyForDeploymentPostprocessing = 0;
		};
/* End PBXFrameworksBuildPhase section */

/* Begin PBXGroup section */
		E97DE5422B5576DE003EC6EC /* Frameworks */ = {
			isa = PBXGroup;
			children = (
			);
			name = Frameworks;
			sourceTree = "<group>";
		};
		E97DE5442B557D05003EC6EC /* Network */ = {
			isa = PBXGroup;
			children = (
				E97DE5402B5558F0003EC6EC /* NetworkManager.swift */,
				E97DE5452B557D1E003EC6EC /* Links.swift */,
				E97DE5472B557D2B003EC6EC /* JSon.swift */,
			);
			path = Network;
			sourceTree = "<group>";
		};
		E9958CF62B35E0A3001B4290 = {
			isa = PBXGroup;
			children = (
				E9958D012B35E0A3001B4290 /* URLNewStudy */,
				E9958D002B35E0A3001B4290 /* Products */,
				E97DE5422B5576DE003EC6EC /* Frameworks */,
			);
			sourceTree = "<group>";
		};
		E9958D002B35E0A3001B4290 /* Products */ = {
			isa = PBXGroup;
			children = (
				E9958CFF2B35E0A3001B4290 /* URLNewStudy.app */,
			);
			name = Products;
			sourceTree = "<group>";
		};
		E9958D012B35E0A3001B4290 /* URLNewStudy */ = {
			isa = PBXGroup;
			children = (
				E996B13C2B4B22090025ECD6 /* CustomViews */,
				E9AB5FF52B496A9200297486 /* Base */,
				E9AB5FF02B49659500297486 /* BL */,
				E9AB5FEE2B49653D00297486 /* Scenes */,
				E9958D022B35E0A3001B4290 /* AppDelegate.swift */,
				E9958D042B35E0A3001B4290 /* SceneDelegate.swift */,
				E9958D102B35E0A4001B4290 /* LaunchScreen.storyboard */,
				E9958D132B35E0A4001B4290 /* Info.plist */,
				E9958D0E2B35E0A4001B4290 /* Assets.xcassets */,
				E9958D0B2B35E0A3001B4290 /* URLNewStudy.xcdatamodeld */,
			);
			path = URLNewStudy;
			sourceTree = "<group>";
		};
		E996B13C2B4B22090025ECD6 /* CustomViews */ = {
			isa = PBXGroup;
			children = (
				E996B13D2B4B22260025ECD6 /* CustomTextField.swift */,
			);
			path = CustomViews;
			sourceTree = "<group>";
		};
		E996DD3C2B4ABE3A003700A4 /* RegisterScene */ = {
			isa = PBXGroup;
			children = (
				E996DD3D2B4ABE7C003700A4 /* RegisterAssembly.swift */,
				E996DD3F2B4ABE88003700A4 /* RegisterViewController.swift */,
				E996DD412B4ABE91003700A4 /* RegisterPresenter.swift */,
				E996DD432B4ABE9B003700A4 /* RegisterRouter.swift */,
			);
			path = RegisterScene;
			sourceTree = "<group>";
		};
		E99A282F2B35E4AC00C6F151 /* RandomImageScene */ = {
			isa = PBXGroup;
			children = (
				E9AB5FFA2B4991B700297486 /* RandomImageAssembly.swift */,
				E9958D062B35E0A3001B4290 /* RandomImageVC.swift */,
				E9AB5FFC2B4991CA00297486 /* RandomImagePresenter.swift */,
				E9AB5FFE2B4991D300297486 /* RandomImageRouter.swift */,
				E9972C382B59453F00413AB2 /* RandomImageWorker.swift */,
			);
			path = RandomImageScene;
			sourceTree = "<group>";
		};
		E9A150472B38472300AB2799 /* LoginScene */ = {
			isa = PBXGroup;
			children = (
				E9AB5FF32B496A6F00297486 /* LoginAssembly.swift */,
				E9A150452B38471600AB2799 /* LoginViewController.swift */,
				E9AB5FF12B4967C400297486 /* LoginPresenter.swift */,
				E9AB5FF82B496C2F00297486 /* LoginRouter.swift */,
				E9A591932B4ED8AB00A498D3 /* LoginWorker.swift */,
			);
			path = LoginScene;
			sourceTree = "<group>";
		};
		E9AB5FEE2B49653D00297486 /* Scenes */ = {
			isa = PBXGroup;
			children = (
				E9A150472B38472300AB2799 /* LoginScene */,
				E996DD3C2B4ABE3A003700A4 /* RegisterScene */,
				E99A282F2B35E4AC00C6F151 /* RandomImageScene */,
			);
			path = Scenes;
			sourceTree = "<group>";
		};
		E9AB5FEF2B49656C00297486 /* Models */ = {
			isa = PBXGroup;
			children = (
				E97DE5442B557D05003EC6EC /* Network */,
				E9AB5FEC2B49647E00297486 /* UserModel.swift */,
				E9A7996A2B519FB1005220F2 /* KeychainManager.swift */,
			);
			path = Models;
			sourceTree = "<group>";
		};
		E9AB5FF02B49659500297486 /* BL */ = {
			isa = PBXGroup;
			children = (
				E9AB5FEF2B49656C00297486 /* Models */,
			);
			path = BL;
			sourceTree = "<group>";
		};
		E9AB5FF52B496A9200297486 /* Base */ = {
			isa = PBXGroup;
			children = (
				E9AB5FF62B496AA500297486 /* MVXProtocol.swift */,
			);
			path = Base;
			sourceTree = "<group>";
		};
/* End PBXGroup section */

/* Begin PBXNativeTarget section */
		E9958CFE2B35E0A3001B4290 /* URLNewStudy */ = {
			isa = PBXNativeTarget;
			buildConfigurationList = E9958D162B35E0A4001B4290 /* Build configuration list for PBXNativeTarget "URLNewStudy" */;
			buildPhases = (
				E9958CFB2B35E0A3001B4290 /* Sources */,
				E9958CFC2B35E0A3001B4290 /* Frameworks */,
				E9958CFD2B35E0A3001B4290 /* Resources */,
			);
			buildRules = (
			);
			dependencies = (
			);
			name = URLNewStudy;
			productName = URLNewStudy;
			productReference = E9958CFF2B35E0A3001B4290 /* URLNewStudy.app */;
			productType = "com.apple.product-type.application";
		};
/* End PBXNativeTarget section */

/* Begin PBXProject section */
		E9958CF72B35E0A3001B4290 /* Project object */ = {
			isa = PBXProject;
			attributes = {
				BuildIndependentTargetsInParallel = 1;
				LastSwiftUpdateCheck = 1430;
				LastUpgradeCheck = 1430;
				TargetAttributes = {
					E9958CFE2B35E0A3001B4290 = {
						CreatedOnToolsVersion = 14.3;
					};
				};
			};
			buildConfigurationList = E9958CFA2B35E0A3001B4290 /* Build configuration list for PBXProject "URLNewStudy" */;
			compatibilityVersion = "Xcode 14.0";
			developmentRegion = en;
			hasScannedForEncodings = 0;
			knownRegions = (
				en,
				Base,
			);
			mainGroup = E9958CF62B35E0A3001B4290;
			packageReferences = (
			);
			productRefGroup = E9958D002B35E0A3001B4290 /* Products */;
			projectDirPath = "";
			projectRoot = "";
			targets = (
				E9958CFE2B35E0A3001B4290 /* URLNewStudy */,
			);
		};
/* End PBXProject section */

/* Begin PBXResourcesBuildPhase section */
		E9958CFD2B35E0A3001B4290 /* Resources */ = {
			isa = PBXResourcesBuildPhase;
			buildActionMask = 2147483647;
			files = (
				E9958D122B35E0A4001B4290 /* LaunchScreen.storyboard in Resources */,
				E9958D0F2B35E0A4001B4290 /* Assets.xcassets in Resources */,
			);
			runOnlyForDeploymentPostprocessing = 0;
		};
/* End PBXResourcesBuildPhase section */

/* Begin PBXSourcesBuildPhase section */
		E9958CFB2B35E0A3001B4290 /* Sources */ = {
			isa = PBXSourcesBuildPhase;
			buildActionMask = 2147483647;
			files = (
				E9958D072B35E0A3001B4290 /* RandomImageVC.swift in Sources */,
				E9958D032B35E0A3001B4290 /* AppDelegate.swift in Sources */,
				E9AB5FF22B4967C400297486 /* LoginPresenter.swift in Sources */,
				E97DE5412B5558F0003EC6EC /* NetworkManager.swift in Sources */,
				E9958D0D2B35E0A3001B4290 /* URLNewStudy.xcdatamodeld in Sources */,
				E996DD3E2B4ABE7C003700A4 /* RegisterAssembly.swift in Sources */,
				E9AB5FF72B496AA500297486 /* MVXProtocol.swift in Sources */,
				E996DD402B4ABE88003700A4 /* RegisterViewController.swift in Sources */,
				E9AB5FFD2B4991CA00297486 /* RandomImagePresenter.swift in Sources */,
				E996B13E2B4B22260025ECD6 /* CustomTextField.swift in Sources */,
				E97DE5482B557D2B003EC6EC /* JSon.swift in Sources */,
				E9AB5FFF2B4991D300297486 /* RandomImageRouter.swift in Sources */,
				E996DD422B4ABE91003700A4 /* RegisterPresenter.swift in Sources */,
				E9958D052B35E0A3001B4290 /* SceneDelegate.swift in Sources */,
				E9972C392B59453F00413AB2 /* RandomImageWorker.swift in Sources */,
				E9AB5FED2B49647E00297486 /* UserModel.swift in Sources */,
				E9A150462B38471600AB2799 /* LoginViewController.swift in Sources */,
				E9AB5FFB2B4991B700297486 /* RandomImageAssembly.swift in Sources */,
				E996DD442B4ABE9B003700A4 /* RegisterRouter.swift in Sources */,
				E97DE5462B557D1E003EC6EC /* Links.swift in Sources */,
				E9AB5FF92B496C2F00297486 /* LoginRouter.swift in Sources */,
				E9A591942B4ED8AB00A498D3 /* LoginWorker.swift in Sources */,
				E9AB5FF42B496A6F00297486 /* LoginAssembly.swift in Sources */,
				E9A7996B2B519FB1005220F2 /* KeychainManager.swift in Sources */,
			);
			runOnlyForDeploymentPostprocessing = 0;
		};
/* End PBXSourcesBuildPhase section */

/* Begin PBXVariantGroup section */
		E9958D102B35E0A4001B4290 /* LaunchScreen.storyboard */ = {
			isa = PBXVariantGroup;
			children = (
				E9958D112B35E0A4001B4290 /* Base */,
			);
			name = LaunchScreen.storyboard;
			sourceTree = "<group>";
		};
/* End PBXVariantGroup section */

/* Begin XCBuildConfiguration section */
		E9958D142B35E0A4001B4290 /* Debug */ = {
			isa = XCBuildConfiguration;
			buildSettings = {
				ALWAYS_SEARCH_USER_PATHS = NO;
				CLANG_ANALYZER_NONNULL = YES;
				CLANG_ANALYZER_NUMBER_OBJECT_CONVERSION = YES_AGGRESSIVE;
				CLANG_CXX_LANGUAGE_STANDARD = "gnu++20";
				CLANG_ENABLE_MODULES = YES;
				CLANG_ENABLE_OBJC_ARC = YES;
				CLANG_ENABLE_OBJC_WEAK = YES;
				CLANG_WARN_BLOCK_CAPTURE_AUTORELEASING = YES;
				CLANG_WARN_BOOL_CONVERSION = YES;
				CLANG_WARN_COMMA = YES;
				CLANG_WARN_CONSTANT_CONVERSION = YES;
				CLANG_WARN_DEPRECATED_OBJC_IMPLEMENTATIONS = YES;
				CLANG_WARN_DIRECT_OBJC_ISA_USAGE = YES_ERROR;
				CLANG_WARN_DOCUMENTATION_COMMENTS = YES;
				CLANG_WARN_EMPTY_BODY = YES;
				CLANG_WARN_ENUM_CONVERSION = YES;
				CLANG_WARN_INFINITE_RECURSION = YES;
				CLANG_WARN_INT_CONVERSION = YES;
				CLANG_WARN_NON_LITERAL_NULL_CONVERSION = YES;
				CLANG_WARN_OBJC_IMPLICIT_RETAIN_SELF = YES;
				CLANG_WARN_OBJC_LITERAL_CONVERSION = YES;
				CLANG_WARN_OBJC_ROOT_CLASS = YES_ERROR;
				CLANG_WARN_QUOTED_INCLUDE_IN_FRAMEWORK_HEADER = YES;
				CLANG_WARN_RANGE_LOOP_ANALYSIS = YES;
				CLANG_WARN_STRICT_PROTOTYPES = YES;
				CLANG_WARN_SUSPICIOUS_MOVE = YES;
				CLANG_WARN_UNGUARDED_AVAILABILITY = YES_AGGRESSIVE;
				CLANG_WARN_UNREACHABLE_CODE = YES;
				CLANG_WARN__DUPLICATE_METHOD_MATCH = YES;
				COPY_PHASE_STRIP = NO;
				DEBUG_INFORMATION_FORMAT = dwarf;
				ENABLE_STRICT_OBJC_MSGSEND = YES;
				ENABLE_TESTABILITY = YES;
				GCC_C_LANGUAGE_STANDARD = gnu11;
				GCC_DYNAMIC_NO_PIC = NO;
				GCC_NO_COMMON_BLOCKS = YES;
				GCC_OPTIMIZATION_LEVEL = 0;
				GCC_PREPROCESSOR_DEFINITIONS = (
					"DEBUG=1",
					"$(inherited)",
				);
				GCC_WARN_64_TO_32_BIT_CONVERSION = YES;
				GCC_WARN_ABOUT_RETURN_TYPE = YES_ERROR;
				GCC_WARN_UNDECLARED_SELECTOR = YES;
				GCC_WARN_UNINITIALIZED_AUTOS = YES_AGGRESSIVE;
				GCC_WARN_UNUSED_FUNCTION = YES;
				GCC_WARN_UNUSED_VARIABLE = YES;
				IPHONEOS_DEPLOYMENT_TARGET = 16.4;
				MTL_ENABLE_DEBUG_INFO = INCLUDE_SOURCE;
				MTL_FAST_MATH = YES;
				ONLY_ACTIVE_ARCH = YES;
				SDKROOT = iphoneos;
				SWIFT_ACTIVE_COMPILATION_CONDITIONS = DEBUG;
				SWIFT_OPTIMIZATION_LEVEL = "-Onone";
			};
			name = Debug;
		};
		E9958D152B35E0A4001B4290 /* Release */ = {
			isa = XCBuildConfiguration;
			buildSettings = {
				ALWAYS_SEARCH_USER_PATHS = NO;
				CLANG_ANALYZER_NONNULL = YES;
				CLANG_ANALYZER_NUMBER_OBJECT_CONVERSION = YES_AGGRESSIVE;
				CLANG_CXX_LANGUAGE_STANDARD = "gnu++20";
				CLANG_ENABLE_MODULES = YES;
				CLANG_ENABLE_OBJC_ARC = YES;
				CLANG_ENABLE_OBJC_WEAK = YES;
				CLANG_WARN_BLOCK_CAPTURE_AUTORELEASING = YES;
				CLANG_WARN_BOOL_CONVERSION = YES;
				CLANG_WARN_COMMA = YES;
				CLANG_WARN_CONSTANT_CONVERSION = YES;
				CLANG_WARN_DEPRECATED_OBJC_IMPLEMENTATIONS = YES;
				CLANG_WARN_DIRECT_OBJC_ISA_USAGE = YES_ERROR;
				CLANG_WARN_DOCUMENTATION_COMMENTS = YES;
				CLANG_WARN_EMPTY_BODY = YES;
				CLANG_WARN_ENUM_CONVERSION = YES;
				CLANG_WARN_INFINITE_RECURSION = YES;
				CLANG_WARN_INT_CONVERSION = YES;
				CLANG_WARN_NON_LITERAL_NULL_CONVERSION = YES;
				CLANG_WARN_OBJC_IMPLICIT_RETAIN_SELF = YES;
				CLANG_WARN_OBJC_LITERAL_CONVERSION = YES;
				CLANG_WARN_OBJC_ROOT_CLASS = YES_ERROR;
				CLANG_WARN_QUOTED_INCLUDE_IN_FRAMEWORK_HEADER = YES;
				CLANG_WARN_RANGE_LOOP_ANALYSIS = YES;
				CLANG_WARN_STRICT_PROTOTYPES = YES;
				CLANG_WARN_SUSPICIOUS_MOVE = YES;
				CLANG_WARN_UNGUARDED_AVAILABILITY = YES_AGGRESSIVE;
				CLANG_WARN_UNREACHABLE_CODE = YES;
				CLANG_WARN__DUPLICATE_METHOD_MATCH = YES;
				COPY_PHASE_STRIP = NO;
				DEBUG_INFORMATION_FORMAT = "dwarf-with-dsym";
				ENABLE_NS_ASSERTIONS = NO;
				ENABLE_STRICT_OBJC_MSGSEND = YES;
				GCC_C_LANGUAGE_STANDARD = gnu11;
				GCC_NO_COMMON_BLOCKS = YES;
				GCC_WARN_64_TO_32_BIT_CONVERSION = YES;
				GCC_WARN_ABOUT_RETURN_TYPE = YES_ERROR;
				GCC_WARN_UNDECLARED_SELECTOR = YES;
				GCC_WARN_UNINITIALIZED_AUTOS = YES_AGGRESSIVE;
				GCC_WARN_UNUSED_FUNCTION = YES;
				GCC_WARN_UNUSED_VARIABLE = YES;
				IPHONEOS_DEPLOYMENT_TARGET = 16.4;
				MTL_ENABLE_DEBUG_INFO = NO;
				MTL_FAST_MATH = YES;
				SDKROOT = iphoneos;
				SWIFT_COMPILATION_MODE = wholemodule;
				SWIFT_OPTIMIZATION_LEVEL = "-O";
				VALIDATE_PRODUCT = YES;
			};
			name = Release;
		};
		E9958D172B35E0A4001B4290 /* Debug */ = {
			isa = XCBuildConfiguration;
			buildSettings = {
				ASSETCATALOG_COMPILER_APPICON_NAME = AppIcon;
				ASSETCATALOG_COMPILER_GLOBAL_ACCENT_COLOR_NAME = AccentColor;
				CODE_SIGN_STYLE = Automatic;
				CURRENT_PROJECT_VERSION = 1;
				DEVELOPMENT_TEAM = Z4JT48W22P;
				GENERATE_INFOPLIST_FILE = YES;
				INFOPLIST_FILE = URLNewStudy/Info.plist;
				INFOPLIST_KEY_UIApplicationSupportsIndirectInputEvents = YES;
				INFOPLIST_KEY_UILaunchStoryboardName = LaunchScreen;
				INFOPLIST_KEY_UISupportedInterfaceOrientations_iPad = "UIInterfaceOrientationPortrait UIInterfaceOrientationPortraitUpsideDown UIInterfaceOrientationLandscapeLeft UIInterfaceOrientationLandscapeRight";
				INFOPLIST_KEY_UISupportedInterfaceOrientations_iPhone = "UIInterfaceOrientationPortrait UIInterfaceOrientationLandscapeLeft UIInterfaceOrientationLandscapeRight";
				LD_RUNPATH_SEARCH_PATHS = (
					"$(inherited)",
					"@executable_path/Frameworks",
				);
				MARKETING_VERSION = 1.0;
				PRODUCT_BUNDLE_IDENTIFIER = TheGoodTheBadTheJun.URLNewStudy;
				PRODUCT_NAME = "$(TARGET_NAME)";
				SWIFT_EMIT_LOC_STRINGS = YES;
				SWIFT_VERSION = 5.0;
				TARGETED_DEVICE_FAMILY = "1,2";
			};
			name = Debug;
		};
		E9958D182B35E0A4001B4290 /* Release */ = {
			isa = XCBuildConfiguration;
			buildSettings = {
				ASSETCATALOG_COMPILER_APPICON_NAME = AppIcon;
				ASSETCATALOG_COMPILER_GLOBAL_ACCENT_COLOR_NAME = AccentColor;
				CODE_SIGN_STYLE = Automatic;
				CURRENT_PROJECT_VERSION = 1;
				DEVELOPMENT_TEAM = Z4JT48W22P;
				GENERATE_INFOPLIST_FILE = YES;
				INFOPLIST_FILE = URLNewStudy/Info.plist;
				INFOPLIST_KEY_UIApplicationSupportsIndirectInputEvents = YES;
				INFOPLIST_KEY_UILaunchStoryboardName = LaunchScreen;
				INFOPLIST_KEY_UISupportedInterfaceOrientations_iPad = "UIInterfaceOrientationPortrait UIInterfaceOrientationPortraitUpsideDown UIInterfaceOrientationLandscapeLeft UIInterfaceOrientationLandscapeRight";
				INFOPLIST_KEY_UISupportedInterfaceOrientations_iPhone = "UIInterfaceOrientationPortrait UIInterfaceOrientationLandscapeLeft UIInterfaceOrientationLandscapeRight";
				LD_RUNPATH_SEARCH_PATHS = (
					"$(inherited)",
					"@executable_path/Frameworks",
				);
				MARKETING_VERSION = 1.0;
				PRODUCT_BUNDLE_IDENTIFIER = TheGoodTheBadTheJun.URLNewStudy;
				PRODUCT_NAME = "$(TARGET_NAME)";
				SWIFT_EMIT_LOC_STRINGS = YES;
				SWIFT_VERSION = 5.0;
				TARGETED_DEVICE_FAMILY = "1,2";
			};
			name = Release;
		};
/* End XCBuildConfiguration section */

/* Begin XCConfigurationList section */
		E9958CFA2B35E0A3001B4290 /* Build configuration list for PBXProject "URLNewStudy" */ = {
			isa = XCConfigurationList;
			buildConfigurations = (
				E9958D142B35E0A4001B4290 /* Debug */,
				E9958D152B35E0A4001B4290 /* Release */,
			);
			defaultConfigurationIsVisible = 0;
			defaultConfigurationName = Release;
		};
		E9958D162B35E0A4001B4290 /* Build configuration list for PBXNativeTarget "URLNewStudy" */ = {
			isa = XCConfigurationList;
			buildConfigurations = (
				E9958D172B35E0A4001B4290 /* Debug */,
				E9958D182B35E0A4001B4290 /* Release */,
			);
			defaultConfigurationIsVisible = 0;
			defaultConfigurationName = Release;
		};
/* End XCConfigurationList section */

/* Begin XCVersionGroup section */
		E9958D0B2B35E0A3001B4290 /* URLNewStudy.xcdatamodeld */ = {
			isa = XCVersionGroup;
			children = (
				E9958D0C2B35E0A3001B4290 /* URLNewStudy.xcdatamodel */,
			);
			currentVersion = E9958D0C2B35E0A3001B4290 /* URLNewStudy.xcdatamodel */;
			path = URLNewStudy.xcdatamodeld;
			sourceTree = "<group>";
			versionGroupType = wrapper.xcdatamodel;
		};
/* End XCVersionGroup section */
	};
	rootObject = E9958CF72B35E0A3001B4290 /* Project object */;
}
