// !$*UTF8*$!
{
	archiveVersion = 1;
	classes = {
	};
	objectVersion = 56;
	objects = {

/* Begin PBXBuildFile section */
		E93B6D3B2B64C3C6004DAD7F /* Girl.xcdatamodeld in Sources */ = {isa = PBXBuildFile; fileRef = E93B6D392B64C3C6004DAD7F /* Girl.xcdatamodeld */; };
		E93B6D3F2B64C3EE004DAD7F /* GirlCoreData.swift in Sources */ = {isa = PBXBuildFile; fileRef = E93B6D3D2B64C3EE004DAD7F /* GirlCoreData.swift */; };
		E97A4CE82B61380B0040AED6 /* FavoritesViewCell.swift in Sources */ = {isa = PBXBuildFile; fileRef = E97A4CE72B61380B0040AED6 /* FavoritesViewCell.swift */; };
		E97A4CED2B615F9C0040AED6 /* StorageManager.swift in Sources */ = {isa = PBXBuildFile; fileRef = E97A4CEC2B615F9C0040AED6 /* StorageManager.swift */; };
		E97DCA1D2B77907500FF0D0E /* ExtensionNavigationController.swift in Sources */ = {isa = PBXBuildFile; fileRef = E97DCA1C2B77907500FF0D0E /* ExtensionNavigationController.swift */; };
		E97DCA202B77D44100FF0D0E /* ExtensionUIImageView.swift in Sources */ = {isa = PBXBuildFile; fileRef = E97DCA1F2B77D44100FF0D0E /* ExtensionUIImageView.swift */; };
		E97DE5412B5558F0003EC6EC /* NetworkManager.swift in Sources */ = {isa = PBXBuildFile; fileRef = E97DE5402B5558F0003EC6EC /* NetworkManager.swift */; };
		E97DE5462B557D1E003EC6EC /* Links.swift in Sources */ = {isa = PBXBuildFile; fileRef = E97DE5452B557D1E003EC6EC /* Links.swift */; };
		E97DE5482B557D2B003EC6EC /* JSon.swift in Sources */ = {isa = PBXBuildFile; fileRef = E97DE5472B557D2B003EC6EC /* JSon.swift */; };
		E97EC4462B78A1EE00F1C3F5 /* FiltersViewCell.swift in Sources */ = {isa = PBXBuildFile; fileRef = E97EC4452B78A1EE00F1C3F5 /* FiltersViewCell.swift */; };
		E97EC4482B78F91900F1C3F5 /* UserDefaultsManager.swift in Sources */ = {isa = PBXBuildFile; fileRef = E97EC4472B78F91900F1C3F5 /* UserDefaultsManager.swift */; };
		E983504E2B72A1DE0045CDF5 /* SelectedImageAssembly.swift in Sources */ = {isa = PBXBuildFile; fileRef = E983504D2B72A1DE0045CDF5 /* SelectedImageAssembly.swift */; };
		E98350502B72A1FA0045CDF5 /* SelectedImageViewController.swift in Sources */ = {isa = PBXBuildFile; fileRef = E983504F2B72A1FA0045CDF5 /* SelectedImageViewController.swift */; };
		E98350522B72A20F0045CDF5 /* SelectedImagePresenter.swift in Sources */ = {isa = PBXBuildFile; fileRef = E98350512B72A20F0045CDF5 /* SelectedImagePresenter.swift */; };
		E98350542B72A2190045CDF5 /* SelectedImageRouter.swift in Sources */ = {isa = PBXBuildFile; fileRef = E98350532B72A2190045CDF5 /* SelectedImageRouter.swift */; };
		E9958D032B35E0A3001B4290 /* AppDelegate.swift in Sources */ = {isa = PBXBuildFile; fileRef = E9958D022B35E0A3001B4290 /* AppDelegate.swift */; };
		E9958D052B35E0A3001B4290 /* SceneDelegate.swift in Sources */ = {isa = PBXBuildFile; fileRef = E9958D042B35E0A3001B4290 /* SceneDelegate.swift */; };
		E9958D072B35E0A3001B4290 /* RandomImageViewController.swift in Sources */ = {isa = PBXBuildFile; fileRef = E9958D062B35E0A3001B4290 /* RandomImageViewController.swift */; };
		E9958D0F2B35E0A4001B4290 /* Assets.xcassets in Resources */ = {isa = PBXBuildFile; fileRef = E9958D0E2B35E0A4001B4290 /* Assets.xcassets */; };
		E9958D122B35E0A4001B4290 /* LaunchScreen.storyboard in Resources */ = {isa = PBXBuildFile; fileRef = E9958D102B35E0A4001B4290 /* LaunchScreen.storyboard */; };
		E996B13E2B4B22260025ECD6 /* CustomTextField.swift in Sources */ = {isa = PBXBuildFile; fileRef = E996B13D2B4B22260025ECD6 /* CustomTextField.swift */; };
		E996DD3E2B4ABE7C003700A4 /* RegisterAssembly.swift in Sources */ = {isa = PBXBuildFile; fileRef = E996DD3D2B4ABE7C003700A4 /* RegisterAssembly.swift */; };
		E996DD402B4ABE88003700A4 /* RegisterViewController.swift in Sources */ = {isa = PBXBuildFile; fileRef = E996DD3F2B4ABE88003700A4 /* RegisterViewController.swift */; };
		E996DD422B4ABE91003700A4 /* RegisterPresenter.swift in Sources */ = {isa = PBXBuildFile; fileRef = E996DD412B4ABE91003700A4 /* RegisterPresenter.swift */; };
		E996DD442B4ABE9B003700A4 /* RegisterRouter.swift in Sources */ = {isa = PBXBuildFile; fileRef = E996DD432B4ABE9B003700A4 /* RegisterRouter.swift */; };
		E9972C392B59453F00413AB2 /* RandomImageWorker.swift in Sources */ = {isa = PBXBuildFile; fileRef = E9972C382B59453F00413AB2 /* RandomImageWorker.swift */; };
		E9999E9A2B7D01C700083C82 /* SettingsAssembly.swift in Sources */ = {isa = PBXBuildFile; fileRef = E9999E992B7D01C700083C82 /* SettingsAssembly.swift */; };
		E9999E9C2B7D01E500083C82 /* SettingsViewController.swift in Sources */ = {isa = PBXBuildFile; fileRef = E9999E9B2B7D01E500083C82 /* SettingsViewController.swift */; };
		E9999E9E2B7D01EF00083C82 /* SettingsPresenter.swift in Sources */ = {isa = PBXBuildFile; fileRef = E9999E9D2B7D01EF00083C82 /* SettingsPresenter.swift */; };
		E9999EA02B7D021900083C82 /* SettingsRouter.swift in Sources */ = {isa = PBXBuildFile; fileRef = E9999E9F2B7D021900083C82 /* SettingsRouter.swift */; };
		E99B1EB02B7E081100CA1255 /* SettingsWorker.swift in Sources */ = {isa = PBXBuildFile; fileRef = E99B1EAF2B7E081100CA1255 /* SettingsWorker.swift */; };
		E99C53A32B5C2421009DF497 /* FiltersAssembly.swift in Sources */ = {isa = PBXBuildFile; fileRef = E99C53A22B5C2421009DF497 /* FiltersAssembly.swift */; };
		E99C53A52B5C2433009DF497 /* FiltersViewController.swift in Sources */ = {isa = PBXBuildFile; fileRef = E99C53A42B5C2433009DF497 /* FiltersViewController.swift */; };
		E99C53A72B5C2440009DF497 /* FiltersPresenter.swift in Sources */ = {isa = PBXBuildFile; fileRef = E99C53A62B5C2440009DF497 /* FiltersPresenter.swift */; };
		E99C53A92B5C2449009DF497 /* FiltersRouter.swift in Sources */ = {isa = PBXBuildFile; fileRef = E99C53A82B5C2449009DF497 /* FiltersRouter.swift */; };
		E99C53AB2B5C2933009DF497 /* FavoritesAssembly.swift in Sources */ = {isa = PBXBuildFile; fileRef = E99C53AA2B5C2933009DF497 /* FavoritesAssembly.swift */; };
		E99C53AD2B5C294E009DF497 /* FavoritesViewController.swift in Sources */ = {isa = PBXBuildFile; fileRef = E99C53AC2B5C294E009DF497 /* FavoritesViewController.swift */; };
		E99C53AF2B5C29B1009DF497 /* FavoritesPresenter.swift in Sources */ = {isa = PBXBuildFile; fileRef = E99C53AE2B5C29B1009DF497 /* FavoritesPresenter.swift */; };
		E99C53B12B5C29E9009DF497 /* FavoritesRouter.swift in Sources */ = {isa = PBXBuildFile; fileRef = E99C53B02B5C29E9009DF497 /* FavoritesRouter.swift */; };
		E99C53B42B5C2D7C009DF497 /* TabBarView.swift in Sources */ = {isa = PBXBuildFile; fileRef = E99C53B32B5C2D7C009DF497 /* TabBarView.swift */; };
		E99C53B62B5C2DCC009DF497 /* TabBarPresenter.swift in Sources */ = {isa = PBXBuildFile; fileRef = E99C53B52B5C2DCC009DF497 /* TabBarPresenter.swift */; };
		E99C53B82B5C2ED9009DF497 /* TabBarAssembly.swift in Sources */ = {isa = PBXBuildFile; fileRef = E99C53B72B5C2ED9009DF497 /* TabBarAssembly.swift */; };
		E99FDE2D2B814B6000B86FBF /* SnapKit in Frameworks */ = {isa = PBXBuildFile; productRef = E99FDE2C2B814B6000B86FBF /* SnapKit */; };
		E9A150462B38471600AB2799 /* LoginViewController.swift in Sources */ = {isa = PBXBuildFile; fileRef = E9A150452B38471600AB2799 /* LoginViewController.swift */; };
		E9A591942B4ED8AB00A498D3 /* LoginWorker.swift in Sources */ = {isa = PBXBuildFile; fileRef = E9A591932B4ED8AB00A498D3 /* LoginWorker.swift */; };
		E9A7996B2B519FB1005220F2 /* KeychainManager.swift in Sources */ = {isa = PBXBuildFile; fileRef = E9A7996A2B519FB1005220F2 /* KeychainManager.swift */; };
		E9A9C3732B693C4300848256 /* Kingfisher in Frameworks */ = {isa = PBXBuildFile; productRef = E9A9C3722B693C4300848256 /* Kingfisher */; };
		E9AB5FF22B4967C400297486 /* LoginPresenter.swift in Sources */ = {isa = PBXBuildFile; fileRef = E9AB5FF12B4967C400297486 /* LoginPresenter.swift */; };
		E9AB5FF42B496A6F00297486 /* LoginAssembly.swift in Sources */ = {isa = PBXBuildFile; fileRef = E9AB5FF32B496A6F00297486 /* LoginAssembly.swift */; };
		E9AB5FF72B496AA500297486 /* MVXProtocol.swift in Sources */ = {isa = PBXBuildFile; fileRef = E9AB5FF62B496AA500297486 /* MVXProtocol.swift */; };
		E9AB5FF92B496C2F00297486 /* LoginRouter.swift in Sources */ = {isa = PBXBuildFile; fileRef = E9AB5FF82B496C2F00297486 /* LoginRouter.swift */; };
		E9AB5FFB2B4991B700297486 /* RandomImageAssembly.swift in Sources */ = {isa = PBXBuildFile; fileRef = E9AB5FFA2B4991B700297486 /* RandomImageAssembly.swift */; };
		E9AB5FFD2B4991CA00297486 /* RandomImagePresenter.swift in Sources */ = {isa = PBXBuildFile; fileRef = E9AB5FFC2B4991CA00297486 /* RandomImagePresenter.swift */; };
		E9AB5FFF2B4991D300297486 /* RandomImageRouter.swift in Sources */ = {isa = PBXBuildFile; fileRef = E9AB5FFE2B4991D300297486 /* RandomImageRouter.swift */; };
/* End PBXBuildFile section */

/* Begin PBXFileReference section */
		E93B6D3A2B64C3C6004DAD7F /* Girl.xcdatamodel */ = {isa = PBXFileReference; lastKnownFileType = wrapper.xcdatamodel; path = Girl.xcdatamodel; sourceTree = "<group>"; };
		E93B6D3D2B64C3EE004DAD7F /* GirlCoreData.swift */ = {isa = PBXFileReference; lastKnownFileType = sourcecode.swift; path = GirlCoreData.swift; sourceTree = "<group>"; };
		E97A4CE72B61380B0040AED6 /* FavoritesViewCell.swift */ = {isa = PBXFileReference; lastKnownFileType = sourcecode.swift; path = FavoritesViewCell.swift; sourceTree = "<group>"; };
		E97A4CEC2B615F9C0040AED6 /* StorageManager.swift */ = {isa = PBXFileReference; lastKnownFileType = sourcecode.swift; path = StorageManager.swift; sourceTree = "<group>"; };
		E97DCA1C2B77907500FF0D0E /* ExtensionNavigationController.swift */ = {isa = PBXFileReference; lastKnownFileType = sourcecode.swift; path = ExtensionNavigationController.swift; sourceTree = "<group>"; };
		E97DCA1F2B77D44100FF0D0E /* ExtensionUIImageView.swift */ = {isa = PBXFileReference; lastKnownFileType = sourcecode.swift; path = ExtensionUIImageView.swift; sourceTree = "<group>"; };
		E97DE5402B5558F0003EC6EC /* NetworkManager.swift */ = {isa = PBXFileReference; lastKnownFileType = sourcecode.swift; path = NetworkManager.swift; sourceTree = "<group>"; };
		E97DE5452B557D1E003EC6EC /* Links.swift */ = {isa = PBXFileReference; lastKnownFileType = sourcecode.swift; path = Links.swift; sourceTree = "<group>"; };
		E97DE5472B557D2B003EC6EC /* JSon.swift */ = {isa = PBXFileReference; lastKnownFileType = sourcecode.swift; path = JSon.swift; sourceTree = "<group>"; };
		E97EC4452B78A1EE00F1C3F5 /* FiltersViewCell.swift */ = {isa = PBXFileReference; lastKnownFileType = sourcecode.swift; path = FiltersViewCell.swift; sourceTree = "<group>"; };
		E97EC4472B78F91900F1C3F5 /* UserDefaultsManager.swift */ = {isa = PBXFileReference; lastKnownFileType = sourcecode.swift; path = UserDefaultsManager.swift; sourceTree = "<group>"; };
		E983504D2B72A1DE0045CDF5 /* SelectedImageAssembly.swift */ = {isa = PBXFileReference; lastKnownFileType = sourcecode.swift; path = SelectedImageAssembly.swift; sourceTree = "<group>"; };
		E983504F2B72A1FA0045CDF5 /* SelectedImageViewController.swift */ = {isa = PBXFileReference; lastKnownFileType = sourcecode.swift; path = SelectedImageViewController.swift; sourceTree = "<group>"; };
		E98350512B72A20F0045CDF5 /* SelectedImagePresenter.swift */ = {isa = PBXFileReference; lastKnownFileType = sourcecode.swift; path = SelectedImagePresenter.swift; sourceTree = "<group>"; };
		E98350532B72A2190045CDF5 /* SelectedImageRouter.swift */ = {isa = PBXFileReference; lastKnownFileType = sourcecode.swift; path = SelectedImageRouter.swift; sourceTree = "<group>"; };
		E9958CFF2B35E0A3001B4290 /* URLNewStudy.app */ = {isa = PBXFileReference; explicitFileType = wrapper.application; includeInIndex = 0; path = URLNewStudy.app; sourceTree = BUILT_PRODUCTS_DIR; };
		E9958D022B35E0A3001B4290 /* AppDelegate.swift */ = {isa = PBXFileReference; lastKnownFileType = sourcecode.swift; path = AppDelegate.swift; sourceTree = "<group>"; };
		E9958D042B35E0A3001B4290 /* SceneDelegate.swift */ = {isa = PBXFileReference; lastKnownFileType = sourcecode.swift; path = SceneDelegate.swift; sourceTree = "<group>"; };
		E9958D062B35E0A3001B4290 /* RandomImageViewController.swift */ = {isa = PBXFileReference; lastKnownFileType = sourcecode.swift; path = RandomImageViewController.swift; sourceTree = "<group>"; };
		E9958D0E2B35E0A4001B4290 /* Assets.xcassets */ = {isa = PBXFileReference; lastKnownFileType = folder.assetcatalog; path = Assets.xcassets; sourceTree = "<group>"; };
		E9958D112B35E0A4001B4290 /* Base */ = {isa = PBXFileReference; lastKnownFileType = file.storyboard; name = Base; path = Base.lproj/LaunchScreen.storyboard; sourceTree = "<group>"; };
		E9958D132B35E0A4001B4290 /* Info.plist */ = {isa = PBXFileReference; lastKnownFileType = text.plist.xml; path = Info.plist; sourceTree = "<group>"; };
		E996B13D2B4B22260025ECD6 /* CustomTextField.swift */ = {isa = PBXFileReference; lastKnownFileType = sourcecode.swift; path = CustomTextField.swift; sourceTree = "<group>"; };
		E996DD3D2B4ABE7C003700A4 /* RegisterAssembly.swift */ = {isa = PBXFileReference; lastKnownFileType = sourcecode.swift; path = RegisterAssembly.swift; sourceTree = "<group>"; };
		E996DD3F2B4ABE88003700A4 /* RegisterViewController.swift */ = {isa = PBXFileReference; lastKnownFileType = sourcecode.swift; path = RegisterViewController.swift; sourceTree = "<group>"; };
		E996DD412B4ABE91003700A4 /* RegisterPresenter.swift */ = {isa = PBXFileReference; lastKnownFileType = sourcecode.swift; path = RegisterPresenter.swift; sourceTree = "<group>"; };
		E996DD432B4ABE9B003700A4 /* RegisterRouter.swift */ = {isa = PBXFileReference; lastKnownFileType = sourcecode.swift; path = RegisterRouter.swift; sourceTree = "<group>"; };
		E9972C382B59453F00413AB2 /* RandomImageWorker.swift */ = {isa = PBXFileReference; lastKnownFileType = sourcecode.swift; path = RandomImageWorker.swift; sourceTree = "<group>"; };
		E9999E992B7D01C700083C82 /* SettingsAssembly.swift */ = {isa = PBXFileReference; lastKnownFileType = sourcecode.swift; path = SettingsAssembly.swift; sourceTree = "<group>"; };
		E9999E9B2B7D01E500083C82 /* SettingsViewController.swift */ = {isa = PBXFileReference; lastKnownFileType = sourcecode.swift; path = SettingsViewController.swift; sourceTree = "<group>"; };
		E9999E9D2B7D01EF00083C82 /* SettingsPresenter.swift */ = {isa = PBXFileReference; lastKnownFileType = sourcecode.swift; path = SettingsPresenter.swift; sourceTree = "<group>"; };
		E9999E9F2B7D021900083C82 /* SettingsRouter.swift */ = {isa = PBXFileReference; lastKnownFileType = sourcecode.swift; path = SettingsRouter.swift; sourceTree = "<group>"; };
		E99B1EAF2B7E081100CA1255 /* SettingsWorker.swift */ = {isa = PBXFileReference; lastKnownFileType = sourcecode.swift; path = SettingsWorker.swift; sourceTree = "<group>"; };
		E99C53A22B5C2421009DF497 /* FiltersAssembly.swift */ = {isa = PBXFileReference; lastKnownFileType = sourcecode.swift; path = FiltersAssembly.swift; sourceTree = "<group>"; };
		E99C53A42B5C2433009DF497 /* FiltersViewController.swift */ = {isa = PBXFileReference; lastKnownFileType = sourcecode.swift; path = FiltersViewController.swift; sourceTree = "<group>"; };
		E99C53A62B5C2440009DF497 /* FiltersPresenter.swift */ = {isa = PBXFileReference; lastKnownFileType = sourcecode.swift; path = FiltersPresenter.swift; sourceTree = "<group>"; };
		E99C53A82B5C2449009DF497 /* FiltersRouter.swift */ = {isa = PBXFileReference; lastKnownFileType = sourcecode.swift; path = FiltersRouter.swift; sourceTree = "<group>"; };
		E99C53AA2B5C2933009DF497 /* FavoritesAssembly.swift */ = {isa = PBXFileReference; lastKnownFileType = sourcecode.swift; path = FavoritesAssembly.swift; sourceTree = "<group>"; };
		E99C53AC2B5C294E009DF497 /* FavoritesViewController.swift */ = {isa = PBXFileReference; lastKnownFileType = sourcecode.swift; path = FavoritesViewController.swift; sourceTree = "<group>"; };
		E99C53AE2B5C29B1009DF497 /* FavoritesPresenter.swift */ = {isa = PBXFileReference; lastKnownFileType = sourcecode.swift; path = FavoritesPresenter.swift; sourceTree = "<group>"; };
		E99C53B02B5C29E9009DF497 /* FavoritesRouter.swift */ = {isa = PBXFileReference; lastKnownFileType = sourcecode.swift; path = FavoritesRouter.swift; sourceTree = "<group>"; };
		E99C53B32B5C2D7C009DF497 /* TabBarView.swift */ = {isa = PBXFileReference; lastKnownFileType = sourcecode.swift; path = TabBarView.swift; sourceTree = "<group>"; };
		E99C53B52B5C2DCC009DF497 /* TabBarPresenter.swift */ = {isa = PBXFileReference; lastKnownFileType = sourcecode.swift; path = TabBarPresenter.swift; sourceTree = "<group>"; };
		E99C53B72B5C2ED9009DF497 /* TabBarAssembly.swift */ = {isa = PBXFileReference; lastKnownFileType = sourcecode.swift; path = TabBarAssembly.swift; sourceTree = "<group>"; };
		E9A150452B38471600AB2799 /* LoginViewController.swift */ = {isa = PBXFileReference; lastKnownFileType = sourcecode.swift; path = LoginViewController.swift; sourceTree = "<group>"; };
		E9A591932B4ED8AB00A498D3 /* LoginWorker.swift */ = {isa = PBXFileReference; lastKnownFileType = sourcecode.swift; path = LoginWorker.swift; sourceTree = "<group>"; };
		E9A7996A2B519FB1005220F2 /* KeychainManager.swift */ = {isa = PBXFileReference; lastKnownFileType = sourcecode.swift; path = KeychainManager.swift; sourceTree = "<group>"; };
		E9AB5FF12B4967C400297486 /* LoginPresenter.swift */ = {isa = PBXFileReference; lastKnownFileType = sourcecode.swift; path = LoginPresenter.swift; sourceTree = "<group>"; };
		E9AB5FF32B496A6F00297486 /* LoginAssembly.swift */ = {isa = PBXFileReference; lastKnownFileType = sourcecode.swift; path = LoginAssembly.swift; sourceTree = "<group>"; };
		E9AB5FF62B496AA500297486 /* MVXProtocol.swift */ = {isa = PBXFileReference; lastKnownFileType = sourcecode.swift; path = MVXProtocol.swift; sourceTree = "<group>"; };
		E9AB5FF82B496C2F00297486 /* LoginRouter.swift */ = {isa = PBXFileReference; lastKnownFileType = sourcecode.swift; path = LoginRouter.swift; sourceTree = "<group>"; };
		E9AB5FFA2B4991B700297486 /* RandomImageAssembly.swift */ = {isa = PBXFileReference; lastKnownFileType = sourcecode.swift; path = RandomImageAssembly.swift; sourceTree = "<group>"; };
		E9AB5FFC2B4991CA00297486 /* RandomImagePresenter.swift */ = {isa = PBXFileReference; lastKnownFileType = sourcecode.swift; path = RandomImagePresenter.swift; sourceTree = "<group>"; };
		E9AB5FFE2B4991D300297486 /* RandomImageRouter.swift */ = {isa = PBXFileReference; lastKnownFileType = sourcecode.swift; path = RandomImageRouter.swift; sourceTree = "<group>"; };
/* End PBXFileReference section */

/* Begin PBXFrameworksBuildPhase section */
		E9958CFC2B35E0A3001B4290 /* Frameworks */ = {
			isa = PBXFrameworksBuildPhase;
			buildActionMask = 2147483647;
			files = (
				E9A9C3732B693C4300848256 /* Kingfisher in Frameworks */,
				E99FDE2D2B814B6000B86FBF /* SnapKit in Frameworks */,
			);
			runOnlyForDeploymentPostprocessing = 0;
		};
/* End PBXFrameworksBuildPhase section */

/* Begin PBXGroup section */
		E97DCA1E2B77C83100FF0D0E /* Extensions */ = {
			isa = PBXGroup;
			children = (
				E97DCA1C2B77907500FF0D0E /* ExtensionNavigationController.swift */,
				E97DCA1F2B77D44100FF0D0E /* ExtensionUIImageView.swift */,
			);
			path = Extensions;
			sourceTree = "<group>";
		};
		E97DE5422B5576DE003EC6EC /* Frameworks */ = {
			isa = PBXGroup;
			children = (
			);
			name = Frameworks;
			sourceTree = "<group>";
		};
		E97DE5442B557D05003EC6EC /* Network */ = {
			isa = PBXGroup;
			children = (
				E97DE5402B5558F0003EC6EC /* NetworkManager.swift */,
				E97DE5452B557D1E003EC6EC /* Links.swift */,
				E97DE5472B557D2B003EC6EC /* JSon.swift */,
			);
			path = Network;
			sourceTree = "<group>";
		};
		E980C56F2B5EE2BC0022674C /* CustomCollectionCells */ = {
			isa = PBXGroup;
			children = (
				E97A4CE72B61380B0040AED6 /* FavoritesViewCell.swift */,
				E97EC4452B78A1EE00F1C3F5 /* FiltersViewCell.swift */,
			);
			path = CustomCollectionCells;
			sourceTree = "<group>";
		};
		E983504C2B72A13A0045CDF5 /* SelectedImageScene */ = {
			isa = PBXGroup;
			children = (
				E983504D2B72A1DE0045CDF5 /* SelectedImageAssembly.swift */,
				E983504F2B72A1FA0045CDF5 /* SelectedImageViewController.swift */,
				E98350512B72A20F0045CDF5 /* SelectedImagePresenter.swift */,
				E98350532B72A2190045CDF5 /* SelectedImageRouter.swift */,
			);
			path = SelectedImageScene;
			sourceTree = "<group>";
		};
		E9958CF62B35E0A3001B4290 = {
			isa = PBXGroup;
			children = (
				E9958D012B35E0A3001B4290 /* URLNewStudy */,
				E9958D002B35E0A3001B4290 /* Products */,
				E97DE5422B5576DE003EC6EC /* Frameworks */,
			);
			sourceTree = "<group>";
		};
		E9958D002B35E0A3001B4290 /* Products */ = {
			isa = PBXGroup;
			children = (
				E9958CFF2B35E0A3001B4290 /* URLNewStudy.app */,
			);
			name = Products;
			sourceTree = "<group>";
		};
		E9958D012B35E0A3001B4290 /* URLNewStudy */ = {
			isa = PBXGroup;
			children = (
				E97DCA1E2B77C83100FF0D0E /* Extensions */,
				E996B13C2B4B22090025ECD6 /* CustomViews */,
				E9AB5FF52B496A9200297486 /* Base */,
				E9AB5FF02B49659500297486 /* BL */,
				E9AB5FEE2B49653D00297486 /* Scenes */,
				E9958D022B35E0A3001B4290 /* AppDelegate.swift */,
				E9958D042B35E0A3001B4290 /* SceneDelegate.swift */,
				E9958D102B35E0A4001B4290 /* LaunchScreen.storyboard */,
				E9958D132B35E0A4001B4290 /* Info.plist */,
				E9958D0E2B35E0A4001B4290 /* Assets.xcassets */,
			);
			path = URLNewStudy;
			sourceTree = "<group>";
		};
		E99693E02B5D8EBE003C7D47 /* CustomTextField */ = {
			isa = PBXGroup;
			children = (
				E996B13D2B4B22260025ECD6 /* CustomTextField.swift */,
			);
			path = CustomTextField;
			sourceTree = "<group>";
		};
		E996B13C2B4B22090025ECD6 /* CustomViews */ = {
			isa = PBXGroup;
			children = (
				E980C56F2B5EE2BC0022674C /* CustomCollectionCells */,
				E99693E02B5D8EBE003C7D47 /* CustomTextField */,
			);
			path = CustomViews;
			sourceTree = "<group>";
		};
		E996DD3C2B4ABE3A003700A4 /* RegisterScene */ = {
			isa = PBXGroup;
			children = (
				E996DD3D2B4ABE7C003700A4 /* RegisterAssembly.swift */,
				E996DD3F2B4ABE88003700A4 /* RegisterViewController.swift */,
				E996DD412B4ABE91003700A4 /* RegisterPresenter.swift */,
				E996DD432B4ABE9B003700A4 /* RegisterRouter.swift */,
			);
			path = RegisterScene;
			sourceTree = "<group>";
		};
		E9999E982B7D003700083C82 /* SettingsScene */ = {
			isa = PBXGroup;
			children = (
				E9999E992B7D01C700083C82 /* SettingsAssembly.swift */,
				E9999E9B2B7D01E500083C82 /* SettingsViewController.swift */,
				E9999E9D2B7D01EF00083C82 /* SettingsPresenter.swift */,
				E99B1EAF2B7E081100CA1255 /* SettingsWorker.swift */,
				E9999E9F2B7D021900083C82 /* SettingsRouter.swift */,
			);
			path = SettingsScene;
			sourceTree = "<group>";
		};
		E9999EA12B7D03CF00083C82 /* Storage */ = {
			isa = PBXGroup;
			children = (
				E97A4CEC2B615F9C0040AED6 /* StorageManager.swift */,
				E97EC4472B78F91900F1C3F5 /* UserDefaultsManager.swift */,
				E9A7996A2B519FB1005220F2 /* KeychainManager.swift */,
			);
			path = Storage;
			sourceTree = "<group>";
		};
		E99A282F2B35E4AC00C6F151 /* RandomImageScene */ = {
			isa = PBXGroup;
			children = (
				E9AB5FFA2B4991B700297486 /* RandomImageAssembly.swift */,
				E9958D062B35E0A3001B4290 /* RandomImageViewController.swift */,
				E9AB5FFC2B4991CA00297486 /* RandomImagePresenter.swift */,
				E9972C382B59453F00413AB2 /* RandomImageWorker.swift */,
				E9AB5FFE2B4991D300297486 /* RandomImageRouter.swift */,
			);
			path = RandomImageScene;
			sourceTree = "<group>";
		};
		E99C53A02B5C2340009DF497 /* FiltersScene */ = {
			isa = PBXGroup;
			children = (
				E99C53A22B5C2421009DF497 /* FiltersAssembly.swift */,
				E99C53A42B5C2433009DF497 /* FiltersViewController.swift */,
				E99C53A62B5C2440009DF497 /* FiltersPresenter.swift */,
				E99C53A82B5C2449009DF497 /* FiltersRouter.swift */,
			);
			path = FiltersScene;
			sourceTree = "<group>";
		};
		E99C53A12B5C235E009DF497 /* FavoritesScene */ = {
			isa = PBXGroup;
			children = (
				E99C53AA2B5C2933009DF497 /* FavoritesAssembly.swift */,
				E99C53AC2B5C294E009DF497 /* FavoritesViewController.swift */,
				E99C53AE2B5C29B1009DF497 /* FavoritesPresenter.swift */,
				E99C53B02B5C29E9009DF497 /* FavoritesRouter.swift */,
			);
			path = FavoritesScene;
			sourceTree = "<group>";
		};
		E99C53B22B5C2D43009DF497 /* TabBarController */ = {
			isa = PBXGroup;
			children = (
				E99C53B72B5C2ED9009DF497 /* TabBarAssembly.swift */,
				E99C53B32B5C2D7C009DF497 /* TabBarView.swift */,
				E99C53B52B5C2DCC009DF497 /* TabBarPresenter.swift */,
			);
			path = TabBarController;
			sourceTree = "<group>";
		};
		E9A150472B38472300AB2799 /* LoginScene */ = {
			isa = PBXGroup;
			children = (
				E9AB5FF32B496A6F00297486 /* LoginAssembly.swift */,
				E9A150452B38471600AB2799 /* LoginViewController.swift */,
				E9AB5FF12B4967C400297486 /* LoginPresenter.swift */,
				E9AB5FF82B496C2F00297486 /* LoginRouter.swift */,
				E9A591932B4ED8AB00A498D3 /* LoginWorker.swift */,
			);
			path = LoginScene;
			sourceTree = "<group>";
		};
		E9AB5FEE2B49653D00297486 /* Scenes */ = {
			isa = PBXGroup;
			children = (
				E99C53B22B5C2D43009DF497 /* TabBarController */,
				E9A150472B38472300AB2799 /* LoginScene */,
				E996DD3C2B4ABE3A003700A4 /* RegisterScene */,
				E99A282F2B35E4AC00C6F151 /* RandomImageScene */,
				E9999E982B7D003700083C82 /* SettingsScene */,
				E99C53A02B5C2340009DF497 /* FiltersScene */,
				E99C53A12B5C235E009DF497 /* FavoritesScene */,
				E983504C2B72A13A0045CDF5 /* SelectedImageScene */,
			);
			path = Scenes;
			sourceTree = "<group>";
		};
		E9AB5FEF2B49656C00297486 /* Models */ = {
			isa = PBXGroup;
			children = (
				E93B6D3D2B64C3EE004DAD7F /* GirlCoreData.swift */,
				E93B6D392B64C3C6004DAD7F /* Girl.xcdatamodeld */,
			);
			path = Models;
			sourceTree = "<group>";
		};
		E9AB5FF02B49659500297486 /* BL */ = {
			isa = PBXGroup;
			children = (
				E9999EA12B7D03CF00083C82 /* Storage */,
				E97DE5442B557D05003EC6EC /* Network */,
				E9AB5FEF2B49656C00297486 /* Models */,
			);
			path = BL;
			sourceTree = "<group>";
		};
		E9AB5FF52B496A9200297486 /* Base */ = {
			isa = PBXGroup;
			children = (
				E9AB5FF62B496AA500297486 /* MVXProtocol.swift */,
			);
			path = Base;
			sourceTree = "<group>";
		};
/* End PBXGroup section */

/* Begin PBXNativeTarget section */
		E9958CFE2B35E0A3001B4290 /* URLNewStudy */ = {
			isa = PBXNativeTarget;
			buildConfigurationList = E9958D162B35E0A4001B4290 /* Build configuration list for PBXNativeTarget "URLNewStudy" */;
			buildPhases = (
				E9958CFB2B35E0A3001B4290 /* Sources */,
				E9958CFC2B35E0A3001B4290 /* Frameworks */,
				E9958CFD2B35E0A3001B4290 /* Resources */,
			);
			buildRules = (
			);
			dependencies = (
			);
			name = URLNewStudy;
			packageProductDependencies = (
				E9A9C3722B693C4300848256 /* Kingfisher */,
				E99FDE2C2B814B6000B86FBF /* SnapKit */,
			);
			productName = URLNewStudy;
			productReference = E9958CFF2B35E0A3001B4290 /* URLNewStudy.app */;
			productType = "com.apple.product-type.application";
		};
/* End PBXNativeTarget section */

/* Begin PBXProject section */
		E9958CF72B35E0A3001B4290 /* Project object */ = {
			isa = PBXProject;
			attributes = {
				BuildIndependentTargetsInParallel = 1;
				LastSwiftUpdateCheck = 1430;
				LastUpgradeCheck = 1430;
				TargetAttributes = {
					E9958CFE2B35E0A3001B4290 = {
						CreatedOnToolsVersion = 14.3;
					};
				};
			};
			buildConfigurationList = E9958CFA2B35E0A3001B4290 /* Build configuration list for PBXProject "URLNewStudy" */;
			compatibilityVersion = "Xcode 14.0";
			developmentRegion = en;
			hasScannedForEncodings = 0;
			knownRegions = (
				en,
				Base,
			);
			mainGroup = E9958CF62B35E0A3001B4290;
			packageReferences = (
				E9A9C3712B693C4300848256 /* XCRemoteSwiftPackageReference "Kingfisher" */,
				E99FDE2B2B814B6000B86FBF /* XCRemoteSwiftPackageReference "SnapKit" */,
			);
			productRefGroup = E9958D002B35E0A3001B4290 /* Products */;
			projectDirPath = "";
			projectRoot = "";
			targets = (
				E9958CFE2B35E0A3001B4290 /* URLNewStudy */,
			);
		};
/* End PBXProject section */

/* Begin PBXResourcesBuildPhase section */
		E9958CFD2B35E0A3001B4290 /* Resources */ = {
			isa = PBXResourcesBuildPhase;
			buildActionMask = 2147483647;
			files = (
				E9958D122B35E0A4001B4290 /* LaunchScreen.storyboard in Resources */,
				E9958D0F2B35E0A4001B4290 /* Assets.xcassets in Resources */,
			);
			runOnlyForDeploymentPostprocessing = 0;
		};
/* End PBXResourcesBuildPhase section */

/* Begin PBXSourcesBuildPhase section */
		E9958CFB2B35E0A3001B4290 /* Sources */ = {
			isa = PBXSourcesBuildPhase;
			buildActionMask = 2147483647;
			files = (
				E97A4CE82B61380B0040AED6 /* FavoritesViewCell.swift in Sources */,
				E9958D072B35E0A3001B4290 /* RandomImageViewController.swift in Sources */,
				E99C53B82B5C2ED9009DF497 /* TabBarAssembly.swift in Sources */,
				E9958D032B35E0A3001B4290 /* AppDelegate.swift in Sources */,
				E99C53A32B5C2421009DF497 /* FiltersAssembly.swift in Sources */,
				E9AB5FF22B4967C400297486 /* LoginPresenter.swift in Sources */,
				E97DCA1D2B77907500FF0D0E /* ExtensionNavigationController.swift in Sources */,
				E99C53B62B5C2DCC009DF497 /* TabBarPresenter.swift in Sources */,
				E99C53B12B5C29E9009DF497 /* FavoritesRouter.swift in Sources */,
				E9999E9A2B7D01C700083C82 /* SettingsAssembly.swift in Sources */,
				E97DE5412B5558F0003EC6EC /* NetworkManager.swift in Sources */,
				E97EC4462B78A1EE00F1C3F5 /* FiltersViewCell.swift in Sources */,
				E996DD3E2B4ABE7C003700A4 /* RegisterAssembly.swift in Sources */,
				E9AB5FF72B496AA500297486 /* MVXProtocol.swift in Sources */,
				E996DD402B4ABE88003700A4 /* RegisterViewController.swift in Sources */,
				E9AB5FFD2B4991CA00297486 /* RandomImagePresenter.swift in Sources */,
				E93B6D3F2B64C3EE004DAD7F /* GirlCoreData.swift in Sources */,
				E996B13E2B4B22260025ECD6 /* CustomTextField.swift in Sources */,
				E97DE5482B557D2B003EC6EC /* JSon.swift in Sources */,
				E9999E9C2B7D01E500083C82 /* SettingsViewController.swift in Sources */,
				E9AB5FFF2B4991D300297486 /* RandomImageRouter.swift in Sources */,
				E97A4CED2B615F9C0040AED6 /* StorageManager.swift in Sources */,
				E996DD422B4ABE91003700A4 /* RegisterPresenter.swift in Sources */,
				E97DCA202B77D44100FF0D0E /* ExtensionUIImageView.swift in Sources */,
				E99C53AB2B5C2933009DF497 /* FavoritesAssembly.swift in Sources */,
				E99C53A72B5C2440009DF497 /* FiltersPresenter.swift in Sources */,
				E9958D052B35E0A3001B4290 /* SceneDelegate.swift in Sources */,
				E9972C392B59453F00413AB2 /* RandomImageWorker.swift in Sources */,
				E9999EA02B7D021900083C82 /* SettingsRouter.swift in Sources */,
				E99C53AF2B5C29B1009DF497 /* FavoritesPresenter.swift in Sources */,
				E99C53A92B5C2449009DF497 /* FiltersRouter.swift in Sources */,
				E9A150462B38471600AB2799 /* LoginViewController.swift in Sources */,
				E99B1EB02B7E081100CA1255 /* SettingsWorker.swift in Sources */,
				E98350522B72A20F0045CDF5 /* SelectedImagePresenter.swift in Sources */,
				E9AB5FFB2B4991B700297486 /* RandomImageAssembly.swift in Sources */,
				E99C53B42B5C2D7C009DF497 /* TabBarView.swift in Sources */,
				E9999E9E2B7D01EF00083C82 /* SettingsPresenter.swift in Sources */,
				E98350502B72A1FA0045CDF5 /* SelectedImageViewController.swift in Sources */,
				E996DD442B4ABE9B003700A4 /* RegisterRouter.swift in Sources */,
				E983504E2B72A1DE0045CDF5 /* SelectedImageAssembly.swift in Sources */,
				E93B6D3B2B64C3C6004DAD7F /* Girl.xcdatamodeld in Sources */,
				E99C53AD2B5C294E009DF497 /* FavoritesViewController.swift in Sources */,
				E98350542B72A2190045CDF5 /* SelectedImageRouter.swift in Sources */,
				E97DE5462B557D1E003EC6EC /* Links.swift in Sources */,
				E9AB5FF92B496C2F00297486 /* LoginRouter.swift in Sources */,
				E9A591942B4ED8AB00A498D3 /* LoginWorker.swift in Sources */,
				E97EC4482B78F91900F1C3F5 /* UserDefaultsManager.swift in Sources */,
				E99C53A52B5C2433009DF497 /* FiltersViewController.swift in Sources */,
				E9AB5FF42B496A6F00297486 /* LoginAssembly.swift in Sources */,
				E9A7996B2B519FB1005220F2 /* KeychainManager.swift in Sources */,
			);
			runOnlyForDeploymentPostprocessing = 0;
		};
/* End PBXSourcesBuildPhase section */

/* Begin PBXVariantGroup section */
		E9958D102B35E0A4001B4290 /* LaunchScreen.storyboard */ = {
			isa = PBXVariantGroup;
			children = (
				E9958D112B35E0A4001B4290 /* Base */,
			);
			name = LaunchScreen.storyboard;
			sourceTree = "<group>";
		};
/* End PBXVariantGroup section */

/* Begin XCBuildConfiguration section */
		E9958D142B35E0A4001B4290 /* Debug */ = {
			isa = XCBuildConfiguration;
			buildSettings = {
				ALWAYS_SEARCH_USER_PATHS = NO;
				CLANG_ANALYZER_NONNULL = YES;
				CLANG_ANALYZER_NUMBER_OBJECT_CONVERSION = YES_AGGRESSIVE;
				CLANG_CXX_LANGUAGE_STANDARD = "gnu++20";
				CLANG_ENABLE_MODULES = YES;
				CLANG_ENABLE_OBJC_ARC = YES;
				CLANG_ENABLE_OBJC_WEAK = YES;
				CLANG_WARN_BLOCK_CAPTURE_AUTORELEASING = YES;
				CLANG_WARN_BOOL_CONVERSION = YES;
				CLANG_WARN_COMMA = YES;
				CLANG_WARN_CONSTANT_CONVERSION = YES;
				CLANG_WARN_DEPRECATED_OBJC_IMPLEMENTATIONS = YES;
				CLANG_WARN_DIRECT_OBJC_ISA_USAGE = YES_ERROR;
				CLANG_WARN_DOCUMENTATION_COMMENTS = YES;
				CLANG_WARN_EMPTY_BODY = YES;
				CLANG_WARN_ENUM_CONVERSION = YES;
				CLANG_WARN_INFINITE_RECURSION = YES;
				CLANG_WARN_INT_CONVERSION = YES;
				CLANG_WARN_NON_LITERAL_NULL_CONVERSION = YES;
				CLANG_WARN_OBJC_IMPLICIT_RETAIN_SELF = YES;
				CLANG_WARN_OBJC_LITERAL_CONVERSION = YES;
				CLANG_WARN_OBJC_ROOT_CLASS = YES_ERROR;
				CLANG_WARN_QUOTED_INCLUDE_IN_FRAMEWORK_HEADER = YES;
				CLANG_WARN_RANGE_LOOP_ANALYSIS = YES;
				CLANG_WARN_STRICT_PROTOTYPES = YES;
				CLANG_WARN_SUSPICIOUS_MOVE = YES;
				CLANG_WARN_UNGUARDED_AVAILABILITY = YES_AGGRESSIVE;
				CLANG_WARN_UNREACHABLE_CODE = YES;
				CLANG_WARN__DUPLICATE_METHOD_MATCH = YES;
				COPY_PHASE_STRIP = NO;
				DEBUG_INFORMATION_FORMAT = dwarf;
				ENABLE_STRICT_OBJC_MSGSEND = YES;
				ENABLE_TESTABILITY = YES;
				GCC_C_LANGUAGE_STANDARD = gnu11;
				GCC_DYNAMIC_NO_PIC = NO;
				GCC_NO_COMMON_BLOCKS = YES;
				GCC_OPTIMIZATION_LEVEL = 0;
				GCC_PREPROCESSOR_DEFINITIONS = (
					"DEBUG=1",
					"$(inherited)",
				);
				GCC_WARN_64_TO_32_BIT_CONVERSION = YES;
				GCC_WARN_ABOUT_RETURN_TYPE = YES_ERROR;
				GCC_WARN_UNDECLARED_SELECTOR = YES;
				GCC_WARN_UNINITIALIZED_AUTOS = YES_AGGRESSIVE;
				GCC_WARN_UNUSED_FUNCTION = YES;
				GCC_WARN_UNUSED_VARIABLE = YES;
				IPHONEOS_DEPLOYMENT_TARGET = 16.4;
				MTL_ENABLE_DEBUG_INFO = INCLUDE_SOURCE;
				MTL_FAST_MATH = YES;
				ONLY_ACTIVE_ARCH = YES;
				SDKROOT = iphoneos;
				SWIFT_ACTIVE_COMPILATION_CONDITIONS = DEBUG;
				SWIFT_OPTIMIZATION_LEVEL = "-Onone";
			};
			name = Debug;
		};
		E9958D152B35E0A4001B4290 /* Release */ = {
			isa = XCBuildConfiguration;
			buildSettings = {
				ALWAYS_SEARCH_USER_PATHS = NO;
				CLANG_ANALYZER_NONNULL = YES;
				CLANG_ANALYZER_NUMBER_OBJECT_CONVERSION = YES_AGGRESSIVE;
				CLANG_CXX_LANGUAGE_STANDARD = "gnu++20";
				CLANG_ENABLE_MODULES = YES;
				CLANG_ENABLE_OBJC_ARC = YES;
				CLANG_ENABLE_OBJC_WEAK = YES;
				CLANG_WARN_BLOCK_CAPTURE_AUTORELEASING = YES;
				CLANG_WARN_BOOL_CONVERSION = YES;
				CLANG_WARN_COMMA = YES;
				CLANG_WARN_CONSTANT_CONVERSION = YES;
				CLANG_WARN_DEPRECATED_OBJC_IMPLEMENTATIONS = YES;
				CLANG_WARN_DIRECT_OBJC_ISA_USAGE = YES_ERROR;
				CLANG_WARN_DOCUMENTATION_COMMENTS = YES;
				CLANG_WARN_EMPTY_BODY = YES;
				CLANG_WARN_ENUM_CONVERSION = YES;
				CLANG_WARN_INFINITE_RECURSION = YES;
				CLANG_WARN_INT_CONVERSION = YES;
				CLANG_WARN_NON_LITERAL_NULL_CONVERSION = YES;
				CLANG_WARN_OBJC_IMPLICIT_RETAIN_SELF = YES;
				CLANG_WARN_OBJC_LITERAL_CONVERSION = YES;
				CLANG_WARN_OBJC_ROOT_CLASS = YES_ERROR;
				CLANG_WARN_QUOTED_INCLUDE_IN_FRAMEWORK_HEADER = YES;
				CLANG_WARN_RANGE_LOOP_ANALYSIS = YES;
				CLANG_WARN_STRICT_PROTOTYPES = YES;
				CLANG_WARN_SUSPICIOUS_MOVE = YES;
				CLANG_WARN_UNGUARDED_AVAILABILITY = YES_AGGRESSIVE;
				CLANG_WARN_UNREACHABLE_CODE = YES;
				CLANG_WARN__DUPLICATE_METHOD_MATCH = YES;
				COPY_PHASE_STRIP = NO;
				DEBUG_INFORMATION_FORMAT = "dwarf-with-dsym";
				ENABLE_NS_ASSERTIONS = NO;
				ENABLE_STRICT_OBJC_MSGSEND = YES;
				GCC_C_LANGUAGE_STANDARD = gnu11;
				GCC_NO_COMMON_BLOCKS = YES;
				GCC_WARN_64_TO_32_BIT_CONVERSION = YES;
				GCC_WARN_ABOUT_RETURN_TYPE = YES_ERROR;
				GCC_WARN_UNDECLARED_SELECTOR = YES;
				GCC_WARN_UNINITIALIZED_AUTOS = YES_AGGRESSIVE;
				GCC_WARN_UNUSED_FUNCTION = YES;
				GCC_WARN_UNUSED_VARIABLE = YES;
				IPHONEOS_DEPLOYMENT_TARGET = 16.4;
				MTL_ENABLE_DEBUG_INFO = NO;
				MTL_FAST_MATH = YES;
				SDKROOT = iphoneos;
				SWIFT_COMPILATION_MODE = wholemodule;
				SWIFT_OPTIMIZATION_LEVEL = "-O";
				VALIDATE_PRODUCT = YES;
			};
			name = Release;
		};
		E9958D172B35E0A4001B4290 /* Debug */ = {
			isa = XCBuildConfiguration;
			buildSettings = {
				ASSETCATALOG_COMPILER_APPICON_NAME = AppIcon;
				ASSETCATALOG_COMPILER_GLOBAL_ACCENT_COLOR_NAME = AccentColor;
				CODE_SIGN_STYLE = Automatic;
				CURRENT_PROJECT_VERSION = 1;
				DEVELOPMENT_TEAM = Z4JT48W22P;
				GENERATE_INFOPLIST_FILE = YES;
				INFOPLIST_FILE = URLNewStudy/Info.plist;
				INFOPLIST_KEY_UIApplicationSupportsIndirectInputEvents = YES;
				INFOPLIST_KEY_UILaunchStoryboardName = LaunchScreen;
				INFOPLIST_KEY_UISupportedInterfaceOrientations_iPad = "UIInterfaceOrientationPortrait UIInterfaceOrientationPortraitUpsideDown UIInterfaceOrientationLandscapeLeft UIInterfaceOrientationLandscapeRight";
				INFOPLIST_KEY_UISupportedInterfaceOrientations_iPhone = "UIInterfaceOrientationPortrait UIInterfaceOrientationLandscapeLeft UIInterfaceOrientationLandscapeRight";
				LD_RUNPATH_SEARCH_PATHS = (
					"$(inherited)",
					"@executable_path/Frameworks",
				);
				MARKETING_VERSION = 1.0;
				PRODUCT_BUNDLE_IDENTIFIER = TheGoodTheBadTheJun.URLNewStudy;
				PRODUCT_NAME = "$(TARGET_NAME)";
				SWIFT_EMIT_LOC_STRINGS = YES;
				SWIFT_VERSION = 5.0;
				TARGETED_DEVICE_FAMILY = "1,2";
			};
			name = Debug;
		};
		E9958D182B35E0A4001B4290 /* Release */ = {
			isa = XCBuildConfiguration;
			buildSettings = {
				ASSETCATALOG_COMPILER_APPICON_NAME = AppIcon;
				ASSETCATALOG_COMPILER_GLOBAL_ACCENT_COLOR_NAME = AccentColor;
				CODE_SIGN_STYLE = Automatic;
				CURRENT_PROJECT_VERSION = 1;
				DEVELOPMENT_TEAM = Z4JT48W22P;
				GENERATE_INFOPLIST_FILE = YES;
				INFOPLIST_FILE = URLNewStudy/Info.plist;
				INFOPLIST_KEY_UIApplicationSupportsIndirectInputEvents = YES;
				INFOPLIST_KEY_UILaunchStoryboardName = LaunchScreen;
				INFOPLIST_KEY_UISupportedInterfaceOrientations_iPad = "UIInterfaceOrientationPortrait UIInterfaceOrientationPortraitUpsideDown UIInterfaceOrientationLandscapeLeft UIInterfaceOrientationLandscapeRight";
				INFOPLIST_KEY_UISupportedInterfaceOrientations_iPhone = "UIInterfaceOrientationPortrait UIInterfaceOrientationLandscapeLeft UIInterfaceOrientationLandscapeRight";
				LD_RUNPATH_SEARCH_PATHS = (
					"$(inherited)",
					"@executable_path/Frameworks",
				);
				MARKETING_VERSION = 1.0;
				PRODUCT_BUNDLE_IDENTIFIER = TheGoodTheBadTheJun.URLNewStudy;
				PRODUCT_NAME = "$(TARGET_NAME)";
				SWIFT_EMIT_LOC_STRINGS = YES;
				SWIFT_VERSION = 5.0;
				TARGETED_DEVICE_FAMILY = "1,2";
			};
			name = Release;
		};
/* End XCBuildConfiguration section */

/* Begin XCConfigurationList section */
		E9958CFA2B35E0A3001B4290 /* Build configuration list for PBXProject "URLNewStudy" */ = {
			isa = XCConfigurationList;
			buildConfigurations = (
				E9958D142B35E0A4001B4290 /* Debug */,
				E9958D152B35E0A4001B4290 /* Release */,
			);
			defaultConfigurationIsVisible = 0;
			defaultConfigurationName = Release;
		};
		E9958D162B35E0A4001B4290 /* Build configuration list for PBXNativeTarget "URLNewStudy" */ = {
			isa = XCConfigurationList;
			buildConfigurations = (
				E9958D172B35E0A4001B4290 /* Debug */,
				E9958D182B35E0A4001B4290 /* Release */,
			);
			defaultConfigurationIsVisible = 0;
			defaultConfigurationName = Release;
		};
/* End XCConfigurationList section */

/* Begin XCRemoteSwiftPackageReference section */
		E99FDE2B2B814B6000B86FBF /* XCRemoteSwiftPackageReference "SnapKit" */ = {
			isa = XCRemoteSwiftPackageReference;
			repositoryURL = "https://github.com/SnapKit/SnapKit";
			requirement = {
				kind = upToNextMajorVersion;
				minimumVersion = 5.0.1;
			};
		};
		E9A9C3712B693C4300848256 /* XCRemoteSwiftPackageReference "Kingfisher" */ = {
			isa = XCRemoteSwiftPackageReference;
			repositoryURL = "https://github.com/onevcat/Kingfisher";
			requirement = {
				kind = upToNextMajorVersion;
				minimumVersion = 7.0.0;
			};
		};
/* End XCRemoteSwiftPackageReference section */

/* Begin XCSwiftPackageProductDependency section */
		E99FDE2C2B814B6000B86FBF /* SnapKit */ = {
			isa = XCSwiftPackageProductDependency;
			package = E99FDE2B2B814B6000B86FBF /* XCRemoteSwiftPackageReference "SnapKit" */;
			productName = SnapKit;
		};
		E9A9C3722B693C4300848256 /* Kingfisher */ = {
			isa = XCSwiftPackageProductDependency;
			package = E9A9C3712B693C4300848256 /* XCRemoteSwiftPackageReference "Kingfisher" */;
			productName = Kingfisher;
		};
/* End XCSwiftPackageProductDependency section */

/* Begin XCVersionGroup section */
		E93B6D392B64C3C6004DAD7F /* Girl.xcdatamodeld */ = {
			isa = XCVersionGroup;
			children = (
				E93B6D3A2B64C3C6004DAD7F /* Girl.xcdatamodel */,
			);
			currentVersion = E93B6D3A2B64C3C6004DAD7F /* Girl.xcdatamodel */;
			path = Girl.xcdatamodeld;
			sourceTree = "<group>";
			versionGroupType = wrapper.xcdatamodel;
		};
/* End XCVersionGroup section */
	};
	rootObject = E9958CF72B35E0A3001B4290 /* Project object */;
}
